
Microsoft Visual Studio Solution File, Format Version 12.00
# Visual Studio Version 16
VisualStudioVersion = 16.6.30114.105
MinimumVisualStudioVersion = 10.0.40219.1
Project("{2150E333-8FDC-42A3-9474-1A3956D46DE8}") = "src", "src", "{26602027-0486-4D1C-87FF-9E85B320EE14}"
EndProject
Project("{FAE04EC0-301F-11D3-BF4B-00C04F79EFBC}") = "Domain", "src\domain\domain.csproj", "{528546AF-52C7-43AB-BB53-1281986731E3}"
EndProject
Project("{FAE04EC0-301F-11D3-BF4B-00C04F79EFBC}") = "Persistence", "src\persistence\persistence.csproj", "{E3366C11-0222-4E72-B10E-F227BD1CC0B5}"
EndProject
Project("{2150E333-8FDC-42A3-9474-1A3956D46DE8}") = "tests", "tests", "{35103655-9B30-4F51-A435-8E672AA1FDC3}"
EndProject
Project("{FAE04EC0-301F-11D3-BF4B-00C04F79EFBC}") = "Domain.Tests", "tests\domain.tests\domain.tests.csproj", "{540500D3-9115-46CE-A0EA-C87009F76B13}"
EndProject
Project("{FAE04EC0-301F-11D3-BF4B-00C04F79EFBC}") = "Persistence.Tests", "tests\persistence.tests\persistence.tests.csproj", "{AD20B7FA-2D88-4F84-A3ED-CF0EFFE14634}"
EndProject
Global
	GlobalSection(SolutionConfigurationPlatforms) = preSolution
		Debug|Any CPU = Debug|Any CPU
		Debug|x64 = Debug|x64
		Debug|x86 = Debug|x86
		Release|Any CPU = Release|Any CPU
		Release|x64 = Release|x64
		Release|x86 = Release|x86
	EndGlobalSection
	GlobalSection(SolutionProperties) = preSolution
		HideSolutionNode = FALSE
	EndGlobalSection
	GlobalSection(ProjectConfigurationPlatforms) = postSolution
		{528546AF-52C7-43AB-BB53-1281986731E3}.Debug|Any CPU.ActiveCfg = Debug|Any CPU
		{528546AF-52C7-43AB-BB53-1281986731E3}.Debug|Any CPU.Build.0 = Debug|Any CPU
		{528546AF-52C7-43AB-BB53-1281986731E3}.Debug|x64.ActiveCfg = Debug|Any CPU
		{528546AF-52C7-43AB-BB53-1281986731E3}.Debug|x64.Build.0 = Debug|Any CPU
		{528546AF-52C7-43AB-BB53-1281986731E3}.Debug|x86.ActiveCfg = Debug|Any CPU
		{528546AF-52C7-43AB-BB53-1281986731E3}.Debug|x86.Build.0 = Debug|Any CPU
		{528546AF-52C7-43AB-BB53-1281986731E3}.Release|Any CPU.ActiveCfg = Release|Any CPU
		{528546AF-52C7-43AB-BB53-1281986731E3}.Release|Any CPU.Build.0 = Release|Any CPU
		{528546AF-52C7-43AB-BB53-1281986731E3}.Release|x64.ActiveCfg = Release|Any CPU
		{528546AF-52C7-43AB-BB53-1281986731E3}.Release|x64.Build.0 = Release|Any CPU
		{528546AF-52C7-43AB-BB53-1281986731E3}.Release|x86.ActiveCfg = Release|Any CPU
		{528546AF-52C7-43AB-BB53-1281986731E3}.Release|x86.Build.0 = Release|Any CPU
		{E3366C11-0222-4E72-B10E-F227BD1CC0B5}.Debug|Any CPU.ActiveCfg = Debug|Any CPU
		{E3366C11-0222-4E72-B10E-F227BD1CC0B5}.Debug|Any CPU.Build.0 = Debug|Any CPU
		{E3366C11-0222-4E72-B10E-F227BD1CC0B5}.Debug|x64.ActiveCfg = Debug|Any CPU
		{E3366C11-0222-4E72-B10E-F227BD1CC0B5}.Debug|x64.Build.0 = Debug|Any CPU
		{E3366C11-0222-4E72-B10E-F227BD1CC0B5}.Debug|x86.ActiveCfg = Debug|Any CPU
		{E3366C11-0222-4E72-B10E-F227BD1CC0B5}.Debug|x86.Build.0 = Debug|Any CPU
		{E3366C11-0222-4E72-B10E-F227BD1CC0B5}.Release|Any CPU.ActiveCfg = Release|Any CPU
		{E3366C11-0222-4E72-B10E-F227BD1CC0B5}.Release|Any CPU.Build.0 = Release|Any CPU
		{E3366C11-0222-4E72-B10E-F227BD1CC0B5}.Release|x64.ActiveCfg = Release|Any CPU
		{E3366C11-0222-4E72-B10E-F227BD1CC0B5}.Release|x64.Build.0 = Release|Any CPU
		{E3366C11-0222-4E72-B10E-F227BD1CC0B5}.Release|x86.ActiveCfg = Release|Any CPU
		{E3366C11-0222-4E72-B10E-F227BD1CC0B5}.Release|x86.Build.0 = Release|Any CPU
		{540500D3-9115-46CE-A0EA-C87009F76B13}.Debug|Any CPU.ActiveCfg = Debug|Any CPU
		{540500D3-9115-46CE-A0EA-C87009F76B13}.Debug|Any CPU.Build.0 = Debug|Any CPU
		{540500D3-9115-46CE-A0EA-C87009F76B13}.Debug|x64.ActiveCfg = Debug|Any CPU
		{540500D3-9115-46CE-A0EA-C87009F76B13}.Debug|x64.Build.0 = Debug|Any CPU
		{540500D3-9115-46CE-A0EA-C87009F76B13}.Debug|x86.ActiveCfg = Debug|Any CPU
		{540500D3-9115-46CE-A0EA-C87009F76B13}.Debug|x86.Build.0 = Debug|Any CPU
		{540500D3-9115-46CE-A0EA-C87009F76B13}.Release|Any CPU.ActiveCfg = Release|Any CPU
		{540500D3-9115-46CE-A0EA-C87009F76B13}.Release|Any CPU.Build.0 = Release|Any CPU
		{540500D3-9115-46CE-A0EA-C87009F76B13}.Release|x64.ActiveCfg = Release|Any CPU
		{540500D3-9115-46CE-A0EA-C87009F76B13}.Release|x64.Build.0 = Release|Any CPU
		{540500D3-9115-46CE-A0EA-C87009F76B13}.Release|x86.ActiveCfg = Release|Any CPU
		{540500D3-9115-46CE-A0EA-C87009F76B13}.Release|x86.Build.0 = Release|Any CPU
		{AD20B7FA-2D88-4F84-A3ED-CF0EFFE14634}.Debug|Any CPU.ActiveCfg = Debug|Any CPU
		{AD20B7FA-2D88-4F84-A3ED-CF0EFFE14634}.Debug|Any CPU.Build.0 = Debug|Any CPU
		{AD20B7FA-2D88-4F84-A3ED-CF0EFFE14634}.Debug|x64.ActiveCfg = Debug|Any CPU
		{AD20B7FA-2D88-4F84-A3ED-CF0EFFE14634}.Debug|x64.Build.0 = Debug|Any CPU
		{AD20B7FA-2D88-4F84-A3ED-CF0EFFE14634}.Debug|x86.ActiveCfg = Debug|Any CPU
		{AD20B7FA-2D88-4F84-A3ED-CF0EFFE14634}.Debug|x86.Build.0 = Debug|Any CPU
		{AD20B7FA-2D88-4F84-A3ED-CF0EFFE14634}.Release|Any CPU.ActiveCfg = Release|Any CPU
		{AD20B7FA-2D88-4F84-A3ED-CF0EFFE14634}.Release|Any CPU.Build.0 = Release|Any CPU
		{AD20B7FA-2D88-4F84-A3ED-CF0EFFE14634}.Release|x64.ActiveCfg = Release|Any CPU
		{AD20B7FA-2D88-4F84-A3ED-CF0EFFE14634}.Release|x64.Build.0 = Release|Any CPU
		{AD20B7FA-2D88-4F84-A3ED-CF0EFFE14634}.Release|x86.ActiveCfg = Release|Any CPU
		{AD20B7FA-2D88-4F84-A3ED-CF0EFFE14634}.Release|x86.Build.0 = Release|Any CPU
	EndGlobalSection
	GlobalSection(NestedProjects) = preSolution
		{528546AF-52C7-43AB-BB53-1281986731E3} = {26602027-0486-4D1C-87FF-9E85B320EE14}
		{E3366C11-0222-4E72-B10E-F227BD1CC0B5} = {26602027-0486-4D1C-87FF-9E85B320EE14}
		{540500D3-9115-46CE-A0EA-C87009F76B13} = {35103655-9B30-4F51-A435-8E672AA1FDC3}
		{AD20B7FA-2D88-4F84-A3ED-CF0EFFE14634} = {35103655-9B30-4F51-A435-8E672AA1FDC3}
	EndGlobalSection
EndGlobal
